
Microsoft Visual Studio Solution File, Format Version 12.00
# Visual Studio Version 17
VisualStudioVersion = 17.8.34330.188
MinimumVisualStudioVersion = 10.0.40219.1
Project("{FAE04EC0-301F-11D3-BF4B-00C04F79EFBC}") = "WebApplication8", "WebApplication8\WebApplication8.csproj", "{48EB7CA3-1824-4F64-A062-84A934DFC6EB}"
EndProject
Global
	GlobalSection(SolutionConfigurationPlatforms) = preSolution
		Debug|Any CPU = Debug|Any CPU
		Release|Any CPU = Release|Any CPU
	EndGlobalSection
	GlobalSection(ProjectConfigurationPlatforms) = postSolution
		{48EB7CA3-1824-4F64-A062-84A934DFC6EB}.Debug|Any CPU.ActiveCfg = Debug|Any CPU
		{48EB7CA3-1824-4F64-A062-84A934DFC6EB}.Debug|Any CPU.Build.0 = Debug|Any CPU
		{48EB7CA3-1824-4F64-A062-84A934DFC6EB}.Release|Any CPU.ActiveCfg = Release|Any CPU
		{48EB7CA3-1824-4F64-A062-84A934DFC6EB}.Release|Any CPU.Build.0 = Release|Any CPU
	EndGlobalSection
	GlobalSection(SolutionProperties) = preSolution
		HideSolutionNode = FALSE
	EndGlobalSection
	GlobalSection(ExtensibilityGlobals) = postSolution
		SolutionGuid = {38A79436-783A-44B6-BE97-A969BE1F8398}
	EndGlobalSection
EndGlobal
